
Microsoft Visual Studio Solution File, Format Version 12.00
# Visual Studio Version 17
VisualStudioVersion = 17.10.34928.147
MinimumVisualStudioVersion = 10.0.40219.1
Project("{9A19103F-16F7-4668-BE54-9A1E7A4F7556}") = "M_EFCore6_0302", "M_EFCore6_0302\M_EFCore6_0302.csproj", "{0148E04B-2E0B-494A-A60B-D9D605395B19}"
EndProject
Project("{FAE04EC0-301F-11D3-BF4B-00C04F79EFBC}") = "2_EF_DBLibrary", "..\2_EF_DBLibrary\2_EF_DBLibrary.csproj", "{C8F2952A-3209-4AB8-9075-C0C744D618A3}"
EndProject
Global
	GlobalSection(SolutionConfigurationPlatforms) = preSolution
		Debug|Any CPU = Debug|Any CPU
		Release|Any CPU = Release|Any CPU
	EndGlobalSection
	GlobalSection(ProjectConfigurationPlatforms) = postSolution
		{0148E04B-2E0B-494A-A60B-D9D605395B19}.Debug|Any CPU.ActiveCfg = Debug|Any CPU
		{0148E04B-2E0B-494A-A60B-D9D605395B19}.Debug|Any CPU.Build.0 = Debug|Any CPU
		{0148E04B-2E0B-494A-A60B-D9D605395B19}.Release|Any CPU.ActiveCfg = Release|Any CPU
		{0148E04B-2E0B-494A-A60B-D9D605395B19}.Release|Any CPU.Build.0 = Release|Any CPU
		{C8F2952A-3209-4AB8-9075-C0C744D618A3}.Debug|Any CPU.ActiveCfg = Debug|Any CPU
		{C8F2952A-3209-4AB8-9075-C0C744D618A3}.Debug|Any CPU.Build.0 = Debug|Any CPU
		{C8F2952A-3209-4AB8-9075-C0C744D618A3}.Release|Any CPU.ActiveCfg = Release|Any CPU
		{C8F2952A-3209-4AB8-9075-C0C744D618A3}.Release|Any CPU.Build.0 = Release|Any CPU
	EndGlobalSection
	GlobalSection(SolutionProperties) = preSolution
		HideSolutionNode = FALSE
	EndGlobalSection
	GlobalSection(ExtensibilityGlobals) = postSolution
		SolutionGuid = {F573378C-8668-4369-B8D6-EA51B201FDF0}
	EndGlobalSection
EndGlobal
