
Microsoft Visual Studio Solution File, Format Version 12.00
# Visual Studio Version 17
VisualStudioVersion = 17.11.35327.3
MinimumVisualStudioVersion = 10.0.40219.1
Project("{FAE04EC0-301F-11D3-BF4B-00C04F79EFBC}") = "M_EFCore6_0302", "M_EFCore6_0302\M_EFCore6_0302.csproj", "{1C97F171-FC57-4DD0-98BE-2D63E4D8D3D8}"
EndProject
Global
	GlobalSection(SolutionConfigurationPlatforms) = preSolution
		Debug|Any CPU = Debug|Any CPU
		Release|Any CPU = Release|Any CPU
	EndGlobalSection
	GlobalSection(ProjectConfigurationPlatforms) = postSolution
		{1C97F171-FC57-4DD0-98BE-2D63E4D8D3D8}.Debug|Any CPU.ActiveCfg = Debug|Any CPU
		{1C97F171-FC57-4DD0-98BE-2D63E4D8D3D8}.Debug|Any CPU.Build.0 = Debug|Any CPU
		{1C97F171-FC57-4DD0-98BE-2D63E4D8D3D8}.Release|Any CPU.ActiveCfg = Release|Any CPU
		{1C97F171-FC57-4DD0-98BE-2D63E4D8D3D8}.Release|Any CPU.Build.0 = Release|Any CPU
	EndGlobalSection
	GlobalSection(SolutionProperties) = preSolution
		HideSolutionNode = FALSE
	EndGlobalSection
	GlobalSection(ExtensibilityGlobals) = postSolution
		SolutionGuid = {BA01EDF2-7364-4EBB-9903-4C9861C1E414}
	EndGlobalSection
EndGlobal
