
Microsoft Visual Studio Solution File, Format Version 12.00
# Visual Studio Version 17
VisualStudioVersion = 17.9.34622.214
MinimumVisualStudioVersion = 10.0.40219.1
Project("{FAE04EC0-301F-11D3-BF4B-00C04F79EFBC}") = "EFCore6_0201", "EFCore6_0201\EFCore6_0201.csproj", "{DA6484B8-AF71-4AA1-B8C8-29098DD5DF7E}"
EndProject
Project("{9A19103F-16F7-4668-BE54-9A1E7A4F7556}") = "1_EF_DbLibrary", "..\..\1_Introduction_CreateAppDbContext\1_EF_DbLibrary\1_EF_DbLibrary\1_EF_DbLibrary.csproj", "{1E82E960-83E3-44C1-9A70-1CFDB03DA3F5}"
EndProject
Global
	GlobalSection(SolutionConfigurationPlatforms) = preSolution
		Debug|Any CPU = Debug|Any CPU
		Release|Any CPU = Release|Any CPU
	EndGlobalSection
	GlobalSection(ProjectConfigurationPlatforms) = postSolution
		{DA6484B8-AF71-4AA1-B8C8-29098DD5DF7E}.Debug|Any CPU.ActiveCfg = Debug|Any CPU
		{DA6484B8-AF71-4AA1-B8C8-29098DD5DF7E}.Debug|Any CPU.Build.0 = Debug|Any CPU
		{DA6484B8-AF71-4AA1-B8C8-29098DD5DF7E}.Release|Any CPU.ActiveCfg = Release|Any CPU
		{DA6484B8-AF71-4AA1-B8C8-29098DD5DF7E}.Release|Any CPU.Build.0 = Release|Any CPU
		{1E82E960-83E3-44C1-9A70-1CFDB03DA3F5}.Debug|Any CPU.ActiveCfg = Debug|Any CPU
		{1E82E960-83E3-44C1-9A70-1CFDB03DA3F5}.Debug|Any CPU.Build.0 = Debug|Any CPU
		{1E82E960-83E3-44C1-9A70-1CFDB03DA3F5}.Release|Any CPU.ActiveCfg = Release|Any CPU
		{1E82E960-83E3-44C1-9A70-1CFDB03DA3F5}.Release|Any CPU.Build.0 = Release|Any CPU
	EndGlobalSection
	GlobalSection(SolutionProperties) = preSolution
		HideSolutionNode = FALSE
	EndGlobalSection
	GlobalSection(ExtensibilityGlobals) = postSolution
		SolutionGuid = {7EAA7197-13FF-45CC-8530-1F15E6EB7A09}
	EndGlobalSection
EndGlobal
