
Microsoft Visual Studio Solution File, Format Version 12.00
# Visual Studio Version 17
VisualStudioVersion = 17.9.34723.18
MinimumVisualStudioVersion = 10.0.40219.1
Project("{FAE04EC0-301F-11D3-BF4B-00C04F79EFBC}") = "EFCore6_0301", "EFCore6_0301\EFCore6_0301.csproj", "{BAF79F29-4F39-40E9-88EB-00D13E29F9C1}"
EndProject
Global
	GlobalSection(SolutionConfigurationPlatforms) = preSolution
		Debug|Any CPU = Debug|Any CPU
		Release|Any CPU = Release|Any CPU
	EndGlobalSection
	GlobalSection(ProjectConfigurationPlatforms) = postSolution
		{BAF79F29-4F39-40E9-88EB-00D13E29F9C1}.Debug|Any CPU.ActiveCfg = Debug|Any CPU
		{BAF79F29-4F39-40E9-88EB-00D13E29F9C1}.Debug|Any CPU.Build.0 = Debug|Any CPU
		{BAF79F29-4F39-40E9-88EB-00D13E29F9C1}.Release|Any CPU.ActiveCfg = Release|Any CPU
		{BAF79F29-4F39-40E9-88EB-00D13E29F9C1}.Release|Any CPU.Build.0 = Release|Any CPU
	EndGlobalSection
	GlobalSection(SolutionProperties) = preSolution
		HideSolutionNode = FALSE
	EndGlobalSection
	GlobalSection(ExtensibilityGlobals) = postSolution
		SolutionGuid = {12DEDC4B-A1CE-4499-84D7-6099C54804D4}
	EndGlobalSection
EndGlobal
