
Microsoft Visual Studio Solution File, Format Version 12.00
# Visual Studio Version 17
VisualStudioVersion = 17.9.34622.214
MinimumVisualStudioVersion = 10.0.40219.1
Project("{FAE04EC0-301F-11D3-BF4B-00C04F79EFBC}") = "1_EF_DbLibrary", "1_EF_DbLibrary\1_EF_DbLibrary.csproj", "{4321CDB5-9F1F-4D51-B5A3-249BD3C1EFA1}"
EndProject
Global
	GlobalSection(SolutionConfigurationPlatforms) = preSolution
		Debug|Any CPU = Debug|Any CPU
		Release|Any CPU = Release|Any CPU
	EndGlobalSection
	GlobalSection(ProjectConfigurationPlatforms) = postSolution
		{4321CDB5-9F1F-4D51-B5A3-249BD3C1EFA1}.Debug|Any CPU.ActiveCfg = Debug|Any CPU
		{4321CDB5-9F1F-4D51-B5A3-249BD3C1EFA1}.Debug|Any CPU.Build.0 = Debug|Any CPU
		{4321CDB5-9F1F-4D51-B5A3-249BD3C1EFA1}.Release|Any CPU.ActiveCfg = Release|Any CPU
		{4321CDB5-9F1F-4D51-B5A3-249BD3C1EFA1}.Release|Any CPU.Build.0 = Release|Any CPU
	EndGlobalSection
	GlobalSection(SolutionProperties) = preSolution
		HideSolutionNode = FALSE
	EndGlobalSection
	GlobalSection(ExtensibilityGlobals) = postSolution
		SolutionGuid = {181F4456-2E8C-4895-8BB3-90F527C75CCD}
	EndGlobalSection
EndGlobal
